
Microsoft Visual Studio Solution File, Format Version 12.00
# Visual Studio Version 17
VisualStudioVersion = 17.4.33213.308
MinimumVisualStudioVersion = 10.0.40219.1
Project("{9A19103F-16F7-4668-BE54-9A1E7A4F7556}") = "DemoStore", "DemoStore\DemoStore.csproj", "{60F0C25F-9C22-4D4F-B8E8-3F1D3B39C189}"
EndProject
Global
	GlobalSection(SolutionConfigurationPlatforms) = preSolution
		Debug|Any CPU = Debug|Any CPU
		Release|Any CPU = Release|Any CPU
	EndGlobalSection
	GlobalSection(ProjectConfigurationPlatforms) = postSolution
		{60F0C25F-9C22-4D4F-B8E8-3F1D3B39C189}.Debug|Any CPU.ActiveCfg = Debug|Any CPU
		{60F0C25F-9C22-4D4F-B8E8-3F1D3B39C189}.Debug|Any CPU.Build.0 = Debug|Any CPU
		{60F0C25F-9C22-4D4F-B8E8-3F1D3B39C189}.Release|Any CPU.ActiveCfg = Release|Any CPU
		{60F0C25F-9C22-4D4F-B8E8-3F1D3B39C189}.Release|Any CPU.Build.0 = Release|Any CPU
	EndGlobalSection
	GlobalSection(SolutionProperties) = preSolution
		HideSolutionNode = FALSE
	EndGlobalSection
	GlobalSection(ExtensibilityGlobals) = postSolution
		SolutionGuid = {2B925DD7-635E-46F0-ADDB-A4B6BCE5692D}
	EndGlobalSection
EndGlobal
